
Microsoft Visual Studio Solution File, Format Version 12.00
# Visual Studio Version 17
VisualStudioVersion = 17.14.35806.103 d17.14
MinimumVisualStudioVersion = 10.0.40219.1
Project("{FAE04EC0-301F-11D3-BF4B-00C04F79EFBC}") = "Checkdatabbase", "Checkdatabbase\Checkdatabbase.csproj", "{965F7EB7-64DE-4444-B60E-904CE91F4DF4}"
EndProject
Global
	GlobalSection(SolutionConfigurationPlatforms) = preSolution
		Debug|Any CPU = Debug|Any CPU
		Release|Any CPU = Release|Any CPU
	EndGlobalSection
	GlobalSection(ProjectConfigurationPlatforms) = postSolution
		{965F7EB7-64DE-4444-B60E-904CE91F4DF4}.Debug|Any CPU.ActiveCfg = Debug|Any CPU
		{965F7EB7-64DE-4444-B60E-904CE91F4DF4}.Debug|Any CPU.Build.0 = Debug|Any CPU
		{965F7EB7-64DE-4444-B60E-904CE91F4DF4}.Release|Any CPU.ActiveCfg = Release|Any CPU
		{965F7EB7-64DE-4444-B60E-904CE91F4DF4}.Release|Any CPU.Build.0 = Release|Any CPU
	EndGlobalSection
	GlobalSection(SolutionProperties) = preSolution
		HideSolutionNode = FALSE
	EndGlobalSection
	GlobalSection(ExtensibilityGlobals) = postSolution
		SolutionGuid = {350023F4-734A-414F-A1D2-6B95F0842A87}
	EndGlobalSection
EndGlobal
