
Microsoft Visual Studio Solution File, Format Version 12.00
# Visual Studio Version 17
VisualStudioVersion = 17.14.35806.103
MinimumVisualStudioVersion = 10.0.40219.1
Project("{FAE04EC0-301F-11D3-BF4B-00C04F79EFBC}") = "Front_Warehouse", "Warehouse\Front_Warehouse.csproj", "{72E0160A-3601-4E75-BBA1-DB7F338CFA51}"
EndProject
Project("{FAE04EC0-301F-11D3-BF4B-00C04F79EFBC}") = "WarehouseBLL", "..\..\Logic\Warehouse_backend\WarehouseBLL.csproj", "{A392F38C-D2DB-4B2C-884D-F5758FD1F7C8}"
EndProject
Project("{FAE04EC0-301F-11D3-BF4B-00C04F79EFBC}") = "WarehouseDal", "..\..\Dal\Warehouse_Dal\Warehouse_Dal\WarehouseDal.csproj", "{D200FA4B-7728-EA6C-17E8-DB01CD0AF9BF}"
EndProject
Project("{FAE04EC0-301F-11D3-BF4B-00C04F79EFBC}") = "InterfacesDal", "..\..\interface\Database_interface\InterfacesDal.csproj", "{E0CE2476-D160-424A-9602-C67F91D15543}"
EndProject
Project("{FAE04EC0-301F-11D3-BF4B-00C04F79EFBC}") = "UnitTestingWarehouseProj", "..\..\UnitTestingWarehouseProj\UnitTestingWarehouseProj.csproj", "{7881E81B-EAAA-4C07-A253-A37123DC9BF0}"
EndProject
Global
	GlobalSection(SolutionConfigurationPlatforms) = preSolution
		Debug|Any CPU = Debug|Any CPU
		Release|Any CPU = Release|Any CPU
	EndGlobalSection
	GlobalSection(ProjectConfigurationPlatforms) = postSolution
		{72E0160A-3601-4E75-BBA1-DB7F338CFA51}.Debug|Any CPU.ActiveCfg = Debug|Any CPU
		{72E0160A-3601-4E75-BBA1-DB7F338CFA51}.Debug|Any CPU.Build.0 = Debug|Any CPU
		{72E0160A-3601-4E75-BBA1-DB7F338CFA51}.Release|Any CPU.ActiveCfg = Release|Any CPU
		{72E0160A-3601-4E75-BBA1-DB7F338CFA51}.Release|Any CPU.Build.0 = Release|Any CPU
		{A392F38C-D2DB-4B2C-884D-F5758FD1F7C8}.Debug|Any CPU.ActiveCfg = Debug|Any CPU
		{A392F38C-D2DB-4B2C-884D-F5758FD1F7C8}.Debug|Any CPU.Build.0 = Debug|Any CPU
		{A392F38C-D2DB-4B2C-884D-F5758FD1F7C8}.Release|Any CPU.ActiveCfg = Release|Any CPU
		{A392F38C-D2DB-4B2C-884D-F5758FD1F7C8}.Release|Any CPU.Build.0 = Release|Any CPU
		{D200FA4B-7728-EA6C-17E8-DB01CD0AF9BF}.Debug|Any CPU.ActiveCfg = Debug|Any CPU
		{D200FA4B-7728-EA6C-17E8-DB01CD0AF9BF}.Debug|Any CPU.Build.0 = Debug|Any CPU
		{D200FA4B-7728-EA6C-17E8-DB01CD0AF9BF}.Release|Any CPU.ActiveCfg = Release|Any CPU
		{D200FA4B-7728-EA6C-17E8-DB01CD0AF9BF}.Release|Any CPU.Build.0 = Release|Any CPU
		{E0CE2476-D160-424A-9602-C67F91D15543}.Debug|Any CPU.ActiveCfg = Debug|Any CPU
		{E0CE2476-D160-424A-9602-C67F91D15543}.Debug|Any CPU.Build.0 = Debug|Any CPU
		{E0CE2476-D160-424A-9602-C67F91D15543}.Release|Any CPU.ActiveCfg = Release|Any CPU
		{E0CE2476-D160-424A-9602-C67F91D15543}.Release|Any CPU.Build.0 = Release|Any CPU
		{7881E81B-EAAA-4C07-A253-A37123DC9BF0}.Debug|Any CPU.ActiveCfg = Debug|Any CPU
		{7881E81B-EAAA-4C07-A253-A37123DC9BF0}.Debug|Any CPU.Build.0 = Debug|Any CPU
		{7881E81B-EAAA-4C07-A253-A37123DC9BF0}.Release|Any CPU.ActiveCfg = Release|Any CPU
		{7881E81B-EAAA-4C07-A253-A37123DC9BF0}.Release|Any CPU.Build.0 = Release|Any CPU
	EndGlobalSection
	GlobalSection(SolutionProperties) = preSolution
		HideSolutionNode = FALSE
	EndGlobalSection
	GlobalSection(ExtensibilityGlobals) = postSolution
		SolutionGuid = {4599FBBB-0215-4DED-8BE6-24F8EC491D1C}
	EndGlobalSection
EndGlobal
